
Microsoft Visual Studio Solution File, Format Version 12.00
# Visual Studio 15
VisualStudioVersion = 15.0.27130.2010
MinimumVisualStudioVersion = 10.0.40219.1
Project("{FAE04EC0-301F-11D3-BF4B-00C04F79EFBC}") = "OnlineFleetIO", "OnlineFleetIO\OnlineFleetIO.csproj", "{716CB3D4-E163-4EB4-8DD0-573357C274B5}"
EndProject
Global
	GlobalSection(SolutionConfigurationPlatforms) = preSolution
		Debug|Any CPU = Debug|Any CPU
		Release|Any CPU = Release|Any CPU
	EndGlobalSection
	GlobalSection(ProjectConfigurationPlatforms) = postSolution
		{716CB3D4-E163-4EB4-8DD0-573357C274B5}.Debug|Any CPU.ActiveCfg = Debug|Any CPU
		{716CB3D4-E163-4EB4-8DD0-573357C274B5}.Debug|Any CPU.Build.0 = Debug|Any CPU
		{716CB3D4-E163-4EB4-8DD0-573357C274B5}.Release|Any CPU.ActiveCfg = Release|Any CPU
		{716CB3D4-E163-4EB4-8DD0-573357C274B5}.Release|Any CPU.Build.0 = Release|Any CPU
	EndGlobalSection
	GlobalSection(SolutionProperties) = preSolution
		HideSolutionNode = FALSE
	EndGlobalSection
	GlobalSection(ExtensibilityGlobals) = postSolution
		SolutionGuid = {7EC3A136-4514-473D-8BF1-B0865F2041D4}
	EndGlobalSection
EndGlobal
